
Microsoft Visual Studio Solution File, Format Version 12.00
# Visual Studio Version 17
VisualStudioVersion = 17.8.34309.116
MinimumVisualStudioVersion = 10.0.40219.1
Project("{9A19103F-16F7-4668-BE54-9A1E7A4F7556}") = "GrpcService", "GrpcService\GrpcService.csproj", "{02BEBDF8-0A7C-44ED-A387-ED2A83235107}"
EndProject
Global
	GlobalSection(SolutionConfigurationPlatforms) = preSolution
		Debug|Any CPU = Debug|Any CPU
		Release|Any CPU = Release|Any CPU
	EndGlobalSection
	GlobalSection(ProjectConfigurationPlatforms) = postSolution
		{02BEBDF8-0A7C-44ED-A387-ED2A83235107}.Debug|Any CPU.ActiveCfg = Debug|Any CPU
		{02BEBDF8-0A7C-44ED-A387-ED2A83235107}.Debug|Any CPU.Build.0 = Debug|Any CPU
		{02BEBDF8-0A7C-44ED-A387-ED2A83235107}.Release|Any CPU.ActiveCfg = Release|Any CPU
		{02BEBDF8-0A7C-44ED-A387-ED2A83235107}.Release|Any CPU.Build.0 = Release|Any CPU
	EndGlobalSection
	GlobalSection(SolutionProperties) = preSolution
		HideSolutionNode = FALSE
	EndGlobalSection
	GlobalSection(ExtensibilityGlobals) = postSolution
		SolutionGuid = {0B047153-0AEA-458B-A301-DC557F246D78}
	EndGlobalSection
EndGlobal
